
Microsoft Visual Studio Solution File, Format Version 12.00
# Visual Studio Version 17
VisualStudioVersion = 17.5.002.0
MinimumVisualStudioVersion = 10.0.40219.1
Project("{9A19103F-16F7-4668-BE54-9A1E7A4F7556}") = "ExpiredFood.Frontend", "ExpiredFood.Frontend\ExpiredFood.Frontend.csproj", "{50D2A054-4505-4652-91F6-2690214DFE26}"
EndProject
Global
	GlobalSection(SolutionConfigurationPlatforms) = preSolution
		Debug|Any CPU = Debug|Any CPU
		Release|Any CPU = Release|Any CPU
	EndGlobalSection
	GlobalSection(ProjectConfigurationPlatforms) = postSolution
		{50D2A054-4505-4652-91F6-2690214DFE26}.Debug|Any CPU.ActiveCfg = Debug|Any CPU
		{50D2A054-4505-4652-91F6-2690214DFE26}.Debug|Any CPU.Build.0 = Debug|Any CPU
		{50D2A054-4505-4652-91F6-2690214DFE26}.Release|Any CPU.ActiveCfg = Release|Any CPU
		{50D2A054-4505-4652-91F6-2690214DFE26}.Release|Any CPU.Build.0 = Release|Any CPU
	EndGlobalSection
	GlobalSection(SolutionProperties) = preSolution
		HideSolutionNode = FALSE
	EndGlobalSection
	GlobalSection(ExtensibilityGlobals) = postSolution
		SolutionGuid = {667C0AB7-79A6-488C-B6E5-753417E904ED}
	EndGlobalSection
EndGlobal
